
Microsoft Visual Studio Solution File, Format Version 12.00
# Visual Studio Version 17
VisualStudioVersion = 17.3.32825.248
MinimumVisualStudioVersion = 10.0.40219.1
Project("{FAE04EC0-301F-11D3-BF4B-00C04F79EFBC}") = "Repetition_8_Sep", "Repetition_8_Sep\Repetition_8_Sep.csproj", "{8D07193D-9A83-4086-B9AD-0FA11F95BA0B}"
EndProject
Global
	GlobalSection(SolutionConfigurationPlatforms) = preSolution
		Debug|Any CPU = Debug|Any CPU
		Release|Any CPU = Release|Any CPU
	EndGlobalSection
	GlobalSection(ProjectConfigurationPlatforms) = postSolution
		{8D07193D-9A83-4086-B9AD-0FA11F95BA0B}.Debug|Any CPU.ActiveCfg = Debug|Any CPU
		{8D07193D-9A83-4086-B9AD-0FA11F95BA0B}.Debug|Any CPU.Build.0 = Debug|Any CPU
		{8D07193D-9A83-4086-B9AD-0FA11F95BA0B}.Release|Any CPU.ActiveCfg = Release|Any CPU
		{8D07193D-9A83-4086-B9AD-0FA11F95BA0B}.Release|Any CPU.Build.0 = Release|Any CPU
	EndGlobalSection
	GlobalSection(SolutionProperties) = preSolution
		HideSolutionNode = FALSE
	EndGlobalSection
	GlobalSection(ExtensibilityGlobals) = postSolution
		SolutionGuid = {C56CD759-8E61-4654-A7D5-A1EBDFE5CE64}
	EndGlobalSection
EndGlobal
